
Microsoft Visual Studio Solution File, Format Version 12.00
# Visual Studio Version 17
VisualStudioVersion = 17.5.002.0
MinimumVisualStudioVersion = 10.0.40219.1
Project("{9A19103F-16F7-4668-BE54-9A1E7A4F7556}") = "livrini", "livrini.csproj", "{5FBA356C-967E-4BE5-B836-6AD62B4780E8}"
EndProject
Global
	GlobalSection(SolutionConfigurationPlatforms) = preSolution
		Debug|Any CPU = Debug|Any CPU
		Release|Any CPU = Release|Any CPU
	EndGlobalSection
	GlobalSection(ProjectConfigurationPlatforms) = postSolution
		{5FBA356C-967E-4BE5-B836-6AD62B4780E8}.Debug|Any CPU.ActiveCfg = Debug|Any CPU
		{5FBA356C-967E-4BE5-B836-6AD62B4780E8}.Debug|Any CPU.Build.0 = Debug|Any CPU
		{5FBA356C-967E-4BE5-B836-6AD62B4780E8}.Release|Any CPU.ActiveCfg = Release|Any CPU
		{5FBA356C-967E-4BE5-B836-6AD62B4780E8}.Release|Any CPU.Build.0 = Release|Any CPU
	EndGlobalSection
	GlobalSection(SolutionProperties) = preSolution
		HideSolutionNode = FALSE
	EndGlobalSection
	GlobalSection(ExtensibilityGlobals) = postSolution
		SolutionGuid = {44607318-AA3C-4423-9692-59C9F967CF5C}
	EndGlobalSection
EndGlobal
